
Microsoft Visual Studio Solution File, Format Version 12.00
# Visual Studio 15
VisualStudioVersion = 15.0.28010.2046
MinimumVisualStudioVersion = 10.0.40219.1
Project("{8BC9CEB8-8B4A-11D0-8D11-00A0C91BC942}") = "hacktools", "hacktools\hacktools.vcxproj", "{EB02CFAB-E035-473F-A748-9F1B8ECD90ED}"
EndProject
Global
	GlobalSection(SolutionConfigurationPlatforms) = preSolution
		Debug|x64 = Debug|x64
		Debug|x86 = Debug|x86
		Release|x64 = Release|x64
		Release|x86 = Release|x86
	EndGlobalSection
	GlobalSection(ProjectConfigurationPlatforms) = postSolution
		{EB02CFAB-E035-473F-A748-9F1B8ECD90ED}.Debug|x64.ActiveCfg = Debug|x64
		{EB02CFAB-E035-473F-A748-9F1B8ECD90ED}.Debug|x64.Build.0 = Debug|x64
		{EB02CFAB-E035-473F-A748-9F1B8ECD90ED}.Debug|x86.ActiveCfg = Debug|Win32
		{EB02CFAB-E035-473F-A748-9F1B8ECD90ED}.Debug|x86.Build.0 = Debug|Win32
		{EB02CFAB-E035-473F-A748-9F1B8ECD90ED}.Release|x64.ActiveCfg = Release|x64
		{EB02CFAB-E035-473F-A748-9F1B8ECD90ED}.Release|x64.Build.0 = Release|x64
		{EB02CFAB-E035-473F-A748-9F1B8ECD90ED}.Release|x86.ActiveCfg = Release|Win32
		{EB02CFAB-E035-473F-A748-9F1B8ECD90ED}.Release|x86.Build.0 = Release|Win32
	EndGlobalSection
	GlobalSection(SolutionProperties) = preSolution
		HideSolutionNode = FALSE
	EndGlobalSection
	GlobalSection(ExtensibilityGlobals) = postSolution
		SolutionGuid = {ECF7DEE3-F926-4ACF-80FC-1508B3B6279A}
	EndGlobalSection
EndGlobal
